
Microsoft Visual Studio Solution File, Format Version 12.00
# Visual Studio Version 17
VisualStudioVersion = 17.1.32319.34
MinimumVisualStudioVersion = 10.0.40219.1
Project("{FAE04EC0-301F-11D3-BF4B-00C04F79EFBC}") = "Library.UI", "App1\Library.UI.csproj", "{303540D3-3C9E-4F6A-8D98-2EB667F620E3}"
EndProject
Project("{FAE04EC0-301F-11D3-BF4B-00C04F79EFBC}") = "Library.Model", "Library.Model\Library.Model.csproj", "{32FD76B6-2AB4-46CD-B786-432754647F20}"
EndProject
Project("{FAE04EC0-301F-11D3-BF4B-00C04F79EFBC}") = "Library.DAL", "Library.DAL\Library.DAL.csproj", "{3D6C0CFD-6DBF-477B-A3C7-4F3624F31247}"
EndProject
Project("{FAE04EC0-301F-11D3-BF4B-00C04F79EFBC}") = "Library.Tools", "LibraryTools\Library.Tools.csproj", "{7B6990D3-E26E-4487-AE4D-AC68D3F8F2D4}"
EndProject
Project("{FAE04EC0-301F-11D3-BF4B-00C04F79EFBC}") = "Library.Users", "Library.U\Library.Users.csproj", "{E0BC2A95-0E1B-4BB2-A2A7-8566E59C3974}"
EndProject
Global
	GlobalSection(SolutionConfigurationPlatforms) = preSolution
		Debug|Any CPU = Debug|Any CPU
		Debug|ARM = Debug|ARM
		Debug|ARM64 = Debug|ARM64
		Debug|x64 = Debug|x64
		Debug|x86 = Debug|x86
		Release|Any CPU = Release|Any CPU
		Release|ARM = Release|ARM
		Release|ARM64 = Release|ARM64
		Release|x64 = Release|x64
		Release|x86 = Release|x86
	EndGlobalSection
	GlobalSection(ProjectConfigurationPlatforms) = postSolution
		{303540D3-3C9E-4F6A-8D98-2EB667F620E3}.Debug|Any CPU.ActiveCfg = Debug|x86
		{303540D3-3C9E-4F6A-8D98-2EB667F620E3}.Debug|Any CPU.Deploy.0 = Debug|x86
		{303540D3-3C9E-4F6A-8D98-2EB667F620E3}.Debug|ARM.ActiveCfg = Debug|ARM
		{303540D3-3C9E-4F6A-8D98-2EB667F620E3}.Debug|ARM.Build.0 = Debug|ARM
		{303540D3-3C9E-4F6A-8D98-2EB667F620E3}.Debug|ARM.Deploy.0 = Debug|ARM
		{303540D3-3C9E-4F6A-8D98-2EB667F620E3}.Debug|ARM64.ActiveCfg = Debug|ARM64
		{303540D3-3C9E-4F6A-8D98-2EB667F620E3}.Debug|ARM64.Build.0 = Debug|ARM64
		{303540D3-3C9E-4F6A-8D98-2EB667F620E3}.Debug|ARM64.Deploy.0 = Debug|ARM64
		{303540D3-3C9E-4F6A-8D98-2EB667F620E3}.Debug|x64.ActiveCfg = Debug|x64
		{303540D3-3C9E-4F6A-8D98-2EB667F620E3}.Debug|x64.Build.0 = Debug|x64
		{303540D3-3C9E-4F6A-8D98-2EB667F620E3}.Debug|x64.Deploy.0 = Debug|x64
		{303540D3-3C9E-4F6A-8D98-2EB667F620E3}.Debug|x86.ActiveCfg = Debug|x86
		{303540D3-3C9E-4F6A-8D98-2EB667F620E3}.Debug|x86.Build.0 = Debug|x86
		{303540D3-3C9E-4F6A-8D98-2EB667F620E3}.Debug|x86.Deploy.0 = Debug|x86
		{303540D3-3C9E-4F6A-8D98-2EB667F620E3}.Release|Any CPU.ActiveCfg = Release|x86
		{303540D3-3C9E-4F6A-8D98-2EB667F620E3}.Release|ARM.ActiveCfg = Release|ARM
		{303540D3-3C9E-4F6A-8D98-2EB667F620E3}.Release|ARM.Build.0 = Release|ARM
		{303540D3-3C9E-4F6A-8D98-2EB667F620E3}.Release|ARM.Deploy.0 = Release|ARM
		{303540D3-3C9E-4F6A-8D98-2EB667F620E3}.Release|ARM64.ActiveCfg = Release|ARM64
		{303540D3-3C9E-4F6A-8D98-2EB667F620E3}.Release|ARM64.Build.0 = Release|ARM64
		{303540D3-3C9E-4F6A-8D98-2EB667F620E3}.Release|ARM64.Deploy.0 = Release|ARM64
		{303540D3-3C9E-4F6A-8D98-2EB667F620E3}.Release|x64.ActiveCfg = Release|x64
		{303540D3-3C9E-4F6A-8D98-2EB667F620E3}.Release|x64.Build.0 = Release|x64
		{303540D3-3C9E-4F6A-8D98-2EB667F620E3}.Release|x64.Deploy.0 = Release|x64
		{303540D3-3C9E-4F6A-8D98-2EB667F620E3}.Release|x86.ActiveCfg = Release|x86
		{303540D3-3C9E-4F6A-8D98-2EB667F620E3}.Release|x86.Build.0 = Release|x86
		{303540D3-3C9E-4F6A-8D98-2EB667F620E3}.Release|x86.Deploy.0 = Release|x86
		{32FD76B6-2AB4-46CD-B786-432754647F20}.Debug|Any CPU.ActiveCfg = Debug|Any CPU
		{32FD76B6-2AB4-46CD-B786-432754647F20}.Debug|Any CPU.Build.0 = Debug|Any CPU
		{32FD76B6-2AB4-46CD-B786-432754647F20}.Debug|ARM.ActiveCfg = Debug|ARM
		{32FD76B6-2AB4-46CD-B786-432754647F20}.Debug|ARM.Build.0 = Debug|ARM
		{32FD76B6-2AB4-46CD-B786-432754647F20}.Debug|ARM64.ActiveCfg = Debug|ARM64
		{32FD76B6-2AB4-46CD-B786-432754647F20}.Debug|ARM64.Build.0 = Debug|ARM64
		{32FD76B6-2AB4-46CD-B786-432754647F20}.Debug|x64.ActiveCfg = Debug|x64
		{32FD76B6-2AB4-46CD-B786-432754647F20}.Debug|x64.Build.0 = Debug|x64
		{32FD76B6-2AB4-46CD-B786-432754647F20}.Debug|x86.ActiveCfg = Debug|x86
		{32FD76B6-2AB4-46CD-B786-432754647F20}.Debug|x86.Build.0 = Debug|x86
		{32FD76B6-2AB4-46CD-B786-432754647F20}.Release|Any CPU.ActiveCfg = Release|Any CPU
		{32FD76B6-2AB4-46CD-B786-432754647F20}.Release|Any CPU.Build.0 = Release|Any CPU
		{32FD76B6-2AB4-46CD-B786-432754647F20}.Release|ARM.ActiveCfg = Release|ARM
		{32FD76B6-2AB4-46CD-B786-432754647F20}.Release|ARM.Build.0 = Release|ARM
		{32FD76B6-2AB4-46CD-B786-432754647F20}.Release|ARM64.ActiveCfg = Release|ARM64
		{32FD76B6-2AB4-46CD-B786-432754647F20}.Release|ARM64.Build.0 = Release|ARM64
		{32FD76B6-2AB4-46CD-B786-432754647F20}.Release|x64.ActiveCfg = Release|x64
		{32FD76B6-2AB4-46CD-B786-432754647F20}.Release|x64.Build.0 = Release|x64
		{32FD76B6-2AB4-46CD-B786-432754647F20}.Release|x86.ActiveCfg = Release|x86
		{32FD76B6-2AB4-46CD-B786-432754647F20}.Release|x86.Build.0 = Release|x86
		{3D6C0CFD-6DBF-477B-A3C7-4F3624F31247}.Debug|Any CPU.ActiveCfg = Debug|Any CPU
		{3D6C0CFD-6DBF-477B-A3C7-4F3624F31247}.Debug|Any CPU.Build.0 = Debug|Any CPU
		{3D6C0CFD-6DBF-477B-A3C7-4F3624F31247}.Debug|ARM.ActiveCfg = Debug|ARM
		{3D6C0CFD-6DBF-477B-A3C7-4F3624F31247}.Debug|ARM.Build.0 = Debug|ARM
		{3D6C0CFD-6DBF-477B-A3C7-4F3624F31247}.Debug|ARM64.ActiveCfg = Debug|ARM64
		{3D6C0CFD-6DBF-477B-A3C7-4F3624F31247}.Debug|ARM64.Build.0 = Debug|ARM64
		{3D6C0CFD-6DBF-477B-A3C7-4F3624F31247}.Debug|x64.ActiveCfg = Debug|x64
		{3D6C0CFD-6DBF-477B-A3C7-4F3624F31247}.Debug|x64.Build.0 = Debug|x64
		{3D6C0CFD-6DBF-477B-A3C7-4F3624F31247}.Debug|x86.ActiveCfg = Debug|x86
		{3D6C0CFD-6DBF-477B-A3C7-4F3624F31247}.Debug|x86.Build.0 = Debug|x86
		{3D6C0CFD-6DBF-477B-A3C7-4F3624F31247}.Release|Any CPU.ActiveCfg = Release|Any CPU
		{3D6C0CFD-6DBF-477B-A3C7-4F3624F31247}.Release|Any CPU.Build.0 = Release|Any CPU
		{3D6C0CFD-6DBF-477B-A3C7-4F3624F31247}.Release|ARM.ActiveCfg = Release|ARM
		{3D6C0CFD-6DBF-477B-A3C7-4F3624F31247}.Release|ARM.Build.0 = Release|ARM
		{3D6C0CFD-6DBF-477B-A3C7-4F3624F31247}.Release|ARM64.ActiveCfg = Release|ARM64
		{3D6C0CFD-6DBF-477B-A3C7-4F3624F31247}.Release|ARM64.Build.0 = Release|ARM64
		{3D6C0CFD-6DBF-477B-A3C7-4F3624F31247}.Release|x64.ActiveCfg = Release|x64
		{3D6C0CFD-6DBF-477B-A3C7-4F3624F31247}.Release|x64.Build.0 = Release|x64
		{3D6C0CFD-6DBF-477B-A3C7-4F3624F31247}.Release|x86.ActiveCfg = Release|x86
		{3D6C0CFD-6DBF-477B-A3C7-4F3624F31247}.Release|x86.Build.0 = Release|x86
		{7B6990D3-E26E-4487-AE4D-AC68D3F8F2D4}.Debug|Any CPU.ActiveCfg = Debug|Any CPU
		{7B6990D3-E26E-4487-AE4D-AC68D3F8F2D4}.Debug|Any CPU.Build.0 = Debug|Any CPU
		{7B6990D3-E26E-4487-AE4D-AC68D3F8F2D4}.Debug|ARM.ActiveCfg = Debug|ARM
		{7B6990D3-E26E-4487-AE4D-AC68D3F8F2D4}.Debug|ARM.Build.0 = Debug|ARM
		{7B6990D3-E26E-4487-AE4D-AC68D3F8F2D4}.Debug|ARM64.ActiveCfg = Debug|ARM64
		{7B6990D3-E26E-4487-AE4D-AC68D3F8F2D4}.Debug|ARM64.Build.0 = Debug|ARM64
		{7B6990D3-E26E-4487-AE4D-AC68D3F8F2D4}.Debug|x64.ActiveCfg = Debug|x64
		{7B6990D3-E26E-4487-AE4D-AC68D3F8F2D4}.Debug|x64.Build.0 = Debug|x64
		{7B6990D3-E26E-4487-AE4D-AC68D3F8F2D4}.Debug|x86.ActiveCfg = Debug|x86
		{7B6990D3-E26E-4487-AE4D-AC68D3F8F2D4}.Debug|x86.Build.0 = Debug|x86
		{7B6990D3-E26E-4487-AE4D-AC68D3F8F2D4}.Release|Any CPU.ActiveCfg = Release|Any CPU
		{7B6990D3-E26E-4487-AE4D-AC68D3F8F2D4}.Release|Any CPU.Build.0 = Release|Any CPU
		{7B6990D3-E26E-4487-AE4D-AC68D3F8F2D4}.Release|ARM.ActiveCfg = Release|ARM
		{7B6990D3-E26E-4487-AE4D-AC68D3F8F2D4}.Release|ARM.Build.0 = Release|ARM
		{7B6990D3-E26E-4487-AE4D-AC68D3F8F2D4}.Release|ARM64.ActiveCfg = Release|ARM64
		{7B6990D3-E26E-4487-AE4D-AC68D3F8F2D4}.Release|ARM64.Build.0 = Release|ARM64
		{7B6990D3-E26E-4487-AE4D-AC68D3F8F2D4}.Release|x64.ActiveCfg = Release|x64
		{7B6990D3-E26E-4487-AE4D-AC68D3F8F2D4}.Release|x64.Build.0 = Release|x64
		{7B6990D3-E26E-4487-AE4D-AC68D3F8F2D4}.Release|x86.ActiveCfg = Release|x86
		{7B6990D3-E26E-4487-AE4D-AC68D3F8F2D4}.Release|x86.Build.0 = Release|x86
		{E0BC2A95-0E1B-4BB2-A2A7-8566E59C3974}.Debug|Any CPU.ActiveCfg = Debug|Any CPU
		{E0BC2A95-0E1B-4BB2-A2A7-8566E59C3974}.Debug|Any CPU.Build.0 = Debug|Any CPU
		{E0BC2A95-0E1B-4BB2-A2A7-8566E59C3974}.Debug|ARM.ActiveCfg = Debug|ARM
		{E0BC2A95-0E1B-4BB2-A2A7-8566E59C3974}.Debug|ARM.Build.0 = Debug|ARM
		{E0BC2A95-0E1B-4BB2-A2A7-8566E59C3974}.Debug|ARM64.ActiveCfg = Debug|ARM64
		{E0BC2A95-0E1B-4BB2-A2A7-8566E59C3974}.Debug|ARM64.Build.0 = Debug|ARM64
		{E0BC2A95-0E1B-4BB2-A2A7-8566E59C3974}.Debug|x64.ActiveCfg = Debug|x64
		{E0BC2A95-0E1B-4BB2-A2A7-8566E59C3974}.Debug|x64.Build.0 = Debug|x64
		{E0BC2A95-0E1B-4BB2-A2A7-8566E59C3974}.Debug|x86.ActiveCfg = Debug|x86
		{E0BC2A95-0E1B-4BB2-A2A7-8566E59C3974}.Debug|x86.Build.0 = Debug|x86
		{E0BC2A95-0E1B-4BB2-A2A7-8566E59C3974}.Release|Any CPU.ActiveCfg = Release|Any CPU
		{E0BC2A95-0E1B-4BB2-A2A7-8566E59C3974}.Release|Any CPU.Build.0 = Release|Any CPU
		{E0BC2A95-0E1B-4BB2-A2A7-8566E59C3974}.Release|ARM.ActiveCfg = Release|ARM
		{E0BC2A95-0E1B-4BB2-A2A7-8566E59C3974}.Release|ARM.Build.0 = Release|ARM
		{E0BC2A95-0E1B-4BB2-A2A7-8566E59C3974}.Release|ARM64.ActiveCfg = Release|ARM64
		{E0BC2A95-0E1B-4BB2-A2A7-8566E59C3974}.Release|ARM64.Build.0 = Release|ARM64
		{E0BC2A95-0E1B-4BB2-A2A7-8566E59C3974}.Release|x64.ActiveCfg = Release|x64
		{E0BC2A95-0E1B-4BB2-A2A7-8566E59C3974}.Release|x64.Build.0 = Release|x64
		{E0BC2A95-0E1B-4BB2-A2A7-8566E59C3974}.Release|x86.ActiveCfg = Release|x86
		{E0BC2A95-0E1B-4BB2-A2A7-8566E59C3974}.Release|x86.Build.0 = Release|x86
	EndGlobalSection
	GlobalSection(SolutionProperties) = preSolution
		HideSolutionNode = FALSE
	EndGlobalSection
	GlobalSection(ExtensibilityGlobals) = postSolution
		SolutionGuid = {DCF3F864-87A4-40F8-89E7-78BCF7EAD428}
	EndGlobalSection
EndGlobal
